
Microsoft Visual Studio Solution File, Format Version 12.00
# Visual Studio Version 17
VisualStudioVersion = 17.11.35327.3
MinimumVisualStudioVersion = 10.0.40219.1
Project("{FAE04EC0-301F-11D3-BF4B-00C04F79EFBC}") = "SchoolMangaement", "SchoolMangaement.csproj", "{F654508A-180B-47D4-9224-CC6185B6E545}"
EndProject
Global
	GlobalSection(SolutionConfigurationPlatforms) = preSolution
		Debug|Any CPU = Debug|Any CPU
		Release|Any CPU = Release|Any CPU
	EndGlobalSection
	GlobalSection(ProjectConfigurationPlatforms) = postSolution
		{F654508A-180B-47D4-9224-CC6185B6E545}.Debug|Any CPU.ActiveCfg = Debug|Any CPU
		{F654508A-180B-47D4-9224-CC6185B6E545}.Debug|Any CPU.Build.0 = Debug|Any CPU
		{F654508A-180B-47D4-9224-CC6185B6E545}.Release|Any CPU.ActiveCfg = Release|Any CPU
		{F654508A-180B-47D4-9224-CC6185B6E545}.Release|Any CPU.Build.0 = Release|Any CPU
	EndGlobalSection
	GlobalSection(SolutionProperties) = preSolution
		HideSolutionNode = FALSE
	EndGlobalSection
	GlobalSection(ExtensibilityGlobals) = postSolution
		SolutionGuid = {23A6E1A9-A3EB-432B-BBA8-67218EB738D1}
	EndGlobalSection
EndGlobal
